<Solution>
	<Folder Name="/P00-Sln/">
		<File Path="../.editorconfig" />
		<File Path="../.gitignore" />
		<File Path="../CHANGELOG.md" />
		<File Path="build.sh" />
		<File Path="Directory.Build.props" />
		<File Path="Directory.Packages.props" />
		<File Path="global.json" />
	</Folder>
	<Folder Name="/P10-Core/">
		<Project Path="10-Core/Piper/Piper.csproj" />
		<Project Path="10-Core/Piper.UnitTest/Piper.UnitTest.csproj" />
	</Folder>
	<Folder Name="/P20-UI/">
		<Project Path="20-UI/Piper.UI/Piper.UI.csproj" />
	</Folder>
	<Folder Name="/P30-Test/">
		<Project Path="30-Test/Piper.Test/Piper.Test.csproj" />
	</Folder>
	<Folder Name="/P40-Host/">
		<Project Path="40-Host/Piper.Host.BlazorServer/Piper.Host.BlazorServer.csproj" />
		<Project Path="40-Host/Piper.Host.Photino/Piper.Host.Photino.csproj" />
	</Folder>
</Solution>
